
Microsoft Visual Studio Solution File, Format Version 12.00
# Visual Studio Version 17
VisualStudioVersion = 17.4.33110.190
MinimumVisualStudioVersion = 10.0.40219.1
Project("{FAE04EC0-301F-11D3-BF4B-00C04F79EFBC}") = "Phase2", "Phase2\Phase2.csproj", "{21968421-5124-4C64-B775-9861BF49BD69}"
EndProject
Global
	GlobalSection(SolutionConfigurationPlatforms) = preSolution
		Debug|Any CPU = Debug|Any CPU
		Release|Any CPU = Release|Any CPU
	EndGlobalSection
	GlobalSection(ProjectConfigurationPlatforms) = postSolution
		{21968421-5124-4C64-B775-9861BF49BD69}.Debug|Any CPU.ActiveCfg = Debug|Any CPU
		{21968421-5124-4C64-B775-9861BF49BD69}.Debug|Any CPU.Build.0 = Debug|Any CPU
		{21968421-5124-4C64-B775-9861BF49BD69}.Release|Any CPU.ActiveCfg = Release|Any CPU
		{21968421-5124-4C64-B775-9861BF49BD69}.Release|Any CPU.Build.0 = Release|Any CPU
	EndGlobalSection
	GlobalSection(SolutionProperties) = preSolution
		HideSolutionNode = FALSE
	EndGlobalSection
	GlobalSection(ExtensibilityGlobals) = postSolution
		SolutionGuid = {D13E81A7-FD76-4DE5-B615-B1BA9A988C68}
	EndGlobalSection
EndGlobal
